
Microsoft Visual Studio Solution File, Format Version 12.00
# Visual Studio Version 17
VisualStudioVersion = 17.2.32602.215
MinimumVisualStudioVersion = 10.0.40219.1
Project("{FAE04EC0-301F-11D3-BF4B-00C04F79EFBC}") = "LABA7_1", "LABA7_1\LABA7_1.csproj", "{2E46FC27-57DC-4034-B189-38283BE78411}"
EndProject
Project("{2150E333-8FDC-42A3-9474-1A3956D46DE8}") = "Solution Items", "Solution Items", "{7809AFDF-4D3E-4AA6-B6A9-E2A1B4D5A620}"
	ProjectSection(SolutionItems) = preProject
		.editorconfig = .editorconfig
	EndProjectSection
EndProject
Global
	GlobalSection(SolutionConfigurationPlatforms) = preSolution
		Debug|Any CPU = Debug|Any CPU
		Release|Any CPU = Release|Any CPU
	EndGlobalSection
	GlobalSection(ProjectConfigurationPlatforms) = postSolution
		{2E46FC27-57DC-4034-B189-38283BE78411}.Debug|Any CPU.ActiveCfg = Debug|Any CPU
		{2E46FC27-57DC-4034-B189-38283BE78411}.Debug|Any CPU.Build.0 = Debug|Any CPU
		{2E46FC27-57DC-4034-B189-38283BE78411}.Release|Any CPU.ActiveCfg = Release|Any CPU
		{2E46FC27-57DC-4034-B189-38283BE78411}.Release|Any CPU.Build.0 = Release|Any CPU
	EndGlobalSection
	GlobalSection(SolutionProperties) = preSolution
		HideSolutionNode = FALSE
	EndGlobalSection
	GlobalSection(ExtensibilityGlobals) = postSolution
		SolutionGuid = {2505365D-F4FC-4AD5-BF40-D05B21D314D0}
	EndGlobalSection
EndGlobal
