
Microsoft Visual Studio Solution File, Format Version 12.00
# Visual Studio Version 17
VisualStudioVersion = 17.2.32602.215
MinimumVisualStudioVersion = 10.0.40219.1
Project("{9A19103F-16F7-4668-BE54-9A1E7A4F7556}") = "LABA5", "LABA4\LABA5.csproj", "{CA90D30E-D318-404A-855B-F0622DE3E71D}"
EndProject
Project("{2150E333-8FDC-42A3-9474-1A3956D46DE8}") = "Solution Items", "Solution Items", "{CE05E1C7-E3C7-4505-9F4A-1FCF68CD3CB2}"
	ProjectSection(SolutionItems) = preProject
		.editorconfig = .editorconfig
	EndProjectSection
EndProject
Global
	GlobalSection(SolutionConfigurationPlatforms) = preSolution
		Debug|Any CPU = Debug|Any CPU
		Release|Any CPU = Release|Any CPU
	EndGlobalSection
	GlobalSection(ProjectConfigurationPlatforms) = postSolution
		{CA90D30E-D318-404A-855B-F0622DE3E71D}.Debug|Any CPU.ActiveCfg = Debug|Any CPU
		{CA90D30E-D318-404A-855B-F0622DE3E71D}.Debug|Any CPU.Build.0 = Debug|Any CPU
		{CA90D30E-D318-404A-855B-F0622DE3E71D}.Release|Any CPU.ActiveCfg = Release|Any CPU
		{CA90D30E-D318-404A-855B-F0622DE3E71D}.Release|Any CPU.Build.0 = Release|Any CPU
	EndGlobalSection
	GlobalSection(SolutionProperties) = preSolution
		HideSolutionNode = FALSE
	EndGlobalSection
	GlobalSection(ExtensibilityGlobals) = postSolution
		SolutionGuid = {C87238DC-9499-4F42-8AF2-156D6B3127E7}
	EndGlobalSection
EndGlobal
