
Microsoft Visual Studio Solution File, Format Version 12.00
# Visual Studio Version 17
VisualStudioVersion = 17.2.32602.215
MinimumVisualStudioVersion = 10.0.40219.1
Project("{FAE04EC0-301F-11D3-BF4B-00C04F79EFBC}") = "LABA2", "LABA2\LABA2.csproj", "{3A371F7D-3E0F-4E8D-AA72-E06A7D55D804}"
EndProject
Global
	GlobalSection(SolutionConfigurationPlatforms) = preSolution
		Debug|Any CPU = Debug|Any CPU
		Release|Any CPU = Release|Any CPU
	EndGlobalSection
	GlobalSection(ProjectConfigurationPlatforms) = postSolution
		{3A371F7D-3E0F-4E8D-AA72-E06A7D55D804}.Debug|Any CPU.ActiveCfg = Debug|Any CPU
		{3A371F7D-3E0F-4E8D-AA72-E06A7D55D804}.Debug|Any CPU.Build.0 = Debug|Any CPU
		{3A371F7D-3E0F-4E8D-AA72-E06A7D55D804}.Release|Any CPU.ActiveCfg = Release|Any CPU
		{3A371F7D-3E0F-4E8D-AA72-E06A7D55D804}.Release|Any CPU.Build.0 = Release|Any CPU
	EndGlobalSection
	GlobalSection(SolutionProperties) = preSolution
		HideSolutionNode = FALSE
	EndGlobalSection
	GlobalSection(ExtensibilityGlobals) = postSolution
		SolutionGuid = {964CDE87-B131-4402-A856-CA89EABF26BF}
	EndGlobalSection
EndGlobal
